
Microsoft Visual Studio Solution File, Format Version 12.00
# Visual Studio Version 17
VisualStudioVersion = 17.4.33122.133
MinimumVisualStudioVersion = 10.0.40219.1
Project("{FAE04EC0-301F-11D3-BF4B-00C04F79EFBC}") = "ModManager", "ModManager\ModManager.csproj", "{7CDEFE79-2BA9-42F7-B693-2A5242E54927}"
EndProject
Global
	GlobalSection(SolutionConfigurationPlatforms) = preSolution
		Debug|Any CPU = Debug|Any CPU
		Release|Any CPU = Release|Any CPU
	EndGlobalSection
	GlobalSection(ProjectConfigurationPlatforms) = postSolution
		{7CDEFE79-2BA9-42F7-B693-2A5242E54927}.Debug|Any CPU.ActiveCfg = Debug|Any CPU
		{7CDEFE79-2BA9-42F7-B693-2A5242E54927}.Debug|Any CPU.Build.0 = Debug|Any CPU
		{7CDEFE79-2BA9-42F7-B693-2A5242E54927}.Release|Any CPU.ActiveCfg = Release|Any CPU
		{7CDEFE79-2BA9-42F7-B693-2A5242E54927}.Release|Any CPU.Build.0 = Release|Any CPU
	EndGlobalSection
	GlobalSection(SolutionProperties) = preSolution
		HideSolutionNode = FALSE
	EndGlobalSection
	GlobalSection(ExtensibilityGlobals) = postSolution
		SolutionGuid = {F20B54AB-B221-4F96-ADC3-695D44B0BC65}
	EndGlobalSection
EndGlobal
